<?xml version="1.0" encoding="utf-8"?>
<Project ToolsVersion="4.0" xmlns="http://schemas.microsoft.com/developer/msbuild/2003">
  <ItemGroup>
    <Filter Include="源文件">
      <UniqueIdentifier>{4FC737F1-C7A5-4376-A066-2A32D752A2FF}</UniqueIdentifier>
      <Extensions>cpp;c;cc;cxx;def;odl;idl;hpj;bat;asm;asmx</Extensions>
    </Filter>
    <Filter Include="头文件">
      <UniqueIdentifier>{93995380-89BD-4b04-88EB-625FBE52EBFB}</UniqueIdentifier>
      <Extensions>h;hpp;hxx;hm;inl;inc;xsd</Extensions>
    </Filter>
    <Filter Include="资源文件">
      <UniqueIdentifier>{67DA6AB6-F800-4c08-8B7A-83BB121AAD01}</UniqueIdentifier>
      <Extensions>rc;ico;cur;bmp;dlg;rc2;rct;bin;rgs;gif;jpg;jpeg;jpe;resx;tiff;tif;png;wav;mfcribbon-ms</Extensions>
    </Filter>
    <Filter Include="patterns">
      <UniqueIdentifier>{fd51a521-c1a9-455a-b62e-f98226298108}</UniqueIdentifier>
    </Filter>
    <Filter Include="patterns\Creational_Patterns">
      <UniqueIdentifier>{808b3ac2-09dd-4397-9d06-2a055bcc5057}</UniqueIdentifier>
    </Filter>
    <Filter Include="patterns\Behavioral_Patterns">
      <UniqueIdentifier>{80be3a08-17b0-42a5-993f-3d36f64afe98}</UniqueIdentifier>
    </Filter>
    <Filter Include="patterns\Structural_Patterns">
      <UniqueIdentifier>{b43526e0-37e5-4477-928d-06e845d93dde}</UniqueIdentifier>
    </Filter>
    <Filter Include="patterns\Behavioral_Patterns\Mediator">
      <UniqueIdentifier>{bbf9e414-d631-4b60-b54e-b607e65eb0e6}</UniqueIdentifier>
    </Filter>
    <Filter Include="patterns\Behavioral_Patterns\Observer">
      <UniqueIdentifier>{b98f9268-2fda-4a37-8c28-6be378005a72}</UniqueIdentifier>
    </Filter>
    <Filter Include="patterns\Behavioral_Patterns\Visitor">
      <UniqueIdentifier>{adbb6567-416d-430b-ade2-932e365f2ec2}</UniqueIdentifier>
    </Filter>
    <Filter Include="patterns\Behavioral_Patterns\ChianOfResponsibility">
      <UniqueIdentifier>{7a6ba8c8-aa1a-418a-ad5a-aabf0f83a284}</UniqueIdentifier>
    </Filter>
  </ItemGroup>
  <ItemGroup>
    <ClCompile Include="test.cpp">
      <Filter>源文件</Filter>
    </ClCompile>
    <ClCompile Include="patterns\Behavioral_Patterns\Observer\observer.cpp">
      <Filter>patterns\Behavioral_Patterns\Observer</Filter>
    </ClCompile>
    <ClCompile Include="patterns\Behavioral_Patterns\Mediator\mediator.cpp">
      <Filter>patterns\Behavioral_Patterns\Mediator</Filter>
    </ClCompile>
    <ClCompile Include="patterns\Behavioral_Patterns\Visitor\visitor.cpp">
      <Filter>patterns\Behavioral_Patterns\Visitor</Filter>
    </ClCompile>
    <ClCompile Include="patterns\Behavioral_Patterns\ChianOfResponsibility\ChianOfResponsibility.cpp">
      <Filter>patterns\Behavioral_Patterns\ChianOfResponsibility</Filter>
    </ClCompile>
  </ItemGroup>
  <ItemGroup>
    <None Include="principle.txt">
      <Filter>资源文件</Filter>
    </None>
    <None Include="pattern_brief.txt">
      <Filter>资源文件</Filter>
    </None>
  </ItemGroup>
  <ItemGroup>
    <ClInclude Include="patterns\Creational_Patterns\abstractFactory.h">
      <Filter>patterns\Creational_Patterns</Filter>
    </ClInclude>
    <ClInclude Include="patterns\Creational_Patterns\builder.h">
      <Filter>patterns\Creational_Patterns</Filter>
    </ClInclude>
    <ClInclude Include="patterns\Creational_Patterns\factory.h">
      <Filter>patterns\Creational_Patterns</Filter>
    </ClInclude>
    <ClInclude Include="patterns\Creational_Patterns\prototype.h">
      <Filter>patterns\Creational_Patterns</Filter>
    </ClInclude>
    <ClInclude Include="patterns\Creational_Patterns\singleton.h">
      <Filter>patterns\Creational_Patterns</Filter>
    </ClInclude>
    <ClInclude Include="patterns\Behavioral_Patterns\command.h">
      <Filter>patterns\Behavioral_Patterns</Filter>
    </ClInclude>
    <ClInclude Include="patterns\Behavioral_Patterns\memento.h">
      <Filter>patterns\Behavioral_Patterns</Filter>
    </ClInclude>
    <ClInclude Include="patterns\Behavioral_Patterns\state.h">
      <Filter>patterns\Behavioral_Patterns</Filter>
    </ClInclude>
    <ClInclude Include="patterns\Behavioral_Patterns\strategy.h">
      <Filter>patterns\Behavioral_Patterns</Filter>
    </ClInclude>
    <ClInclude Include="patterns\Behavioral_Patterns\template.h">
      <Filter>patterns\Behavioral_Patterns</Filter>
    </ClInclude>
    <ClInclude Include="patterns\Structural_Patterns\adapter.h">
      <Filter>patterns\Structural_Patterns</Filter>
    </ClInclude>
    <ClInclude Include="patterns\Structural_Patterns\bridge.h">
      <Filter>patterns\Structural_Patterns</Filter>
    </ClInclude>
    <ClInclude Include="patterns\Structural_Patterns\decorator.h">
      <Filter>patterns\Structural_Patterns</Filter>
    </ClInclude>
    <ClInclude Include="patterns\Structural_Patterns\facade.h">
      <Filter>patterns\Structural_Patterns</Filter>
    </ClInclude>
    <ClInclude Include="patterns\Structural_Patterns\flyweight.h">
      <Filter>patterns\Structural_Patterns</Filter>
    </ClInclude>
    <ClInclude Include="patterns\Structural_Patterns\proxy.h">
      <Filter>patterns\Structural_Patterns</Filter>
    </ClInclude>
    <ClInclude Include="patterns\Structural_Patterns\composite.h">
      <Filter>patterns\Structural_Patterns</Filter>
    </ClInclude>
    <ClInclude Include="patterns\Behavioral_Patterns\Mediator\mediator.h">
      <Filter>patterns\Behavioral_Patterns\Mediator</Filter>
    </ClInclude>
    <ClInclude Include="patterns\Behavioral_Patterns\Observer\observer.h">
      <Filter>patterns\Behavioral_Patterns\Observer</Filter>
    </ClInclude>
    <ClInclude Include="patterns\Behavioral_Patterns\Visitor\visitor.h">
      <Filter>patterns\Behavioral_Patterns\Visitor</Filter>
    </ClInclude>
    <ClInclude Include="patterns\Behavioral_Patterns\ChianOfResponsibility\ChianOfResponsibility.h">
      <Filter>patterns\Behavioral_Patterns\ChianOfResponsibility</Filter>
    </ClInclude>
  </ItemGroup>
</Project>